// !$*UTF8*$!
{
	archiveVersion = 1;
	classes = {
	};
	objectVersion = 46;
	objects = {

/* Begin PBXBuildFile section */
		06963EB81C096E3F00D8A690 /* AppDelegate.swift in Sources */ = {isa = PBXBuildFile; fileRef = 06963EB71C096E3F00D8A690 /* AppDelegate.swift */; };
		06963EBA1C096E3F00D8A690 /* ViewController.swift in Sources */ = {isa = PBXBuildFile; fileRef = 06963EB91C096E3F00D8A690 /* ViewController.swift */; };
		06963EBD1C096E3F00D8A690 /* Main.storyboard in Resources */ = {isa = PBXBuildFile; fileRef = 06963EBB1C096E3F00D8A690 /* Main.storyboard */; };
		06963EBF1C096E3F00D8A690 /* Images.xcassets in Resources */ = {isa = PBXBuildFile; fileRef = 06963EBE1C096E3F00D8A690 /* Images.xcassets */; };
		06963EC21C096E3F00D8A690 /* LaunchScreen.xib in Resources */ = {isa = PBXBuildFile; fileRef = 06963EC01C096E3F00D8A690 /* LaunchScreen.xib */; };
		06963ECE1C096E3F00D8A690 /* BouncerTests.swift in Sources */ = {isa = PBXBuildFile; fileRef = 06963ECD1C096E3F00D8A690 /* BouncerTests.swift */; };
		06963ED81C096E9100D8A690 /* BouncerBehavior.swift in Sources */ = {isa = PBXBuildFile; fileRef = 06963ED71C096E9100D8A690 /* BouncerBehavior.swift */; };
		06963EF81C1D566D00D8A690 /* Settings.bundle in Resources */ = {isa = PBXBuildFile; fileRef = 06963EF71C1D566D00D8A690 /* Settings.bundle */; };
/* End PBXBuildFile section */

/* Begin PBXContainerItemProxy section */
		06963EC81C096E3F00D8A690 /* PBXContainerItemProxy */ = {
			isa = PBXContainerItemProxy;
			containerPortal = 06963EAA1C096E3F00D8A690 /* Project object */;
			proxyType = 1;
			remoteGlobalIDString = 06963EB11C096E3F00D8A690;
			remoteInfo = Bouncer;
		};
/* End PBXContainerItemProxy section */

/* Begin PBXFileReference section */
		06963EB21C096E3F00D8A690 /* Bouncer.app */ = {isa = PBXFileReference; explicitFileType = wrapper.application; includeInIndex = 0; path = Bouncer.app; sourceTree = BUILT_PRODUCTS_DIR; };
		06963EB61C096E3F00D8A690 /* Info.plist */ = {isa = PBXFileReference; lastKnownFileType = text.plist.xml; path = Info.plist; sourceTree = "<group>"; };
		06963EB71C096E3F00D8A690 /* AppDelegate.swift */ = {isa = PBXFileReference; lastKnownFileType = sourcecode.swift; path = AppDelegate.swift; sourceTree = "<group>"; };
		06963EB91C096E3F00D8A690 /* ViewController.swift */ = {isa = PBXFileReference; lastKnownFileType = sourcecode.swift; path = ViewController.swift; sourceTree = "<group>"; };
		06963EBC1C096E3F00D8A690 /* Base */ = {isa = PBXFileReference; lastKnownFileType = file.storyboard; name = Base; path = Base.lproj/Main.storyboard; sourceTree = "<group>"; };
		06963EBE1C096E3F00D8A690 /* Images.xcassets */ = {isa = PBXFileReference; lastKnownFileType = folder.assetcatalog; path = Images.xcassets; sourceTree = "<group>"; };
		06963EC11C096E3F00D8A690 /* Base */ = {isa = PBXFileReference; lastKnownFileType = file.xib; name = Base; path = Base.lproj/LaunchScreen.xib; sourceTree = "<group>"; };
		06963EC71C096E3F00D8A690 /* BouncerTests.xctest */ = {isa = PBXFileReference; explicitFileType = wrapper.cfbundle; includeInIndex = 0; path = BouncerTests.xctest; sourceTree = BUILT_PRODUCTS_DIR; };
		06963ECC1C096E3F00D8A690 /* Info.plist */ = {isa = PBXFileReference; lastKnownFileType = text.plist.xml; path = Info.plist; sourceTree = "<group>"; };
		06963ECD1C096E3F00D8A690 /* BouncerTests.swift */ = {isa = PBXFileReference; lastKnownFileType = sourcecode.swift; path = BouncerTests.swift; sourceTree = "<group>"; };
		06963ED71C096E9100D8A690 /* BouncerBehavior.swift */ = {isa = PBXFileReference; fileEncoding = 4; lastKnownFileType = sourcecode.swift; path = BouncerBehavior.swift; sourceTree = SOURCE_ROOT; };
		06963EF71C1D566D00D8A690 /* Settings.bundle */ = {isa = PBXFileReference; lastKnownFileType = "wrapper.plug-in"; name = Settings.bundle; path = ../Settings.bundle; sourceTree = "<group>"; };
/* End PBXFileReference section */

/* Begin PBXFrameworksBuildPhase section */
		06963EAF1C096E3F00D8A690 /* Frameworks */ = {
			isa = PBXFrameworksBuildPhase;
			buildActionMask = 2147483647;
			files = (
			);
			runOnlyForDeploymentPostprocessing = 0;
		};
		06963EC41C096E3F00D8A690 /* Frameworks */ = {
			isa = PBXFrameworksBuildPhase;
			buildActionMask = 2147483647;
			files = (
			);
			runOnlyForDeploymentPostprocessing = 0;
		};
/* End PBXFrameworksBuildPhase section */

/* Begin PBXGroup section */
		06963EA91C096E3F00D8A690 = {
			isa = PBXGroup;
			children = (
				06963EB41C096E3F00D8A690 /* Bouncer */,
				06963ECA1C096E3F00D8A690 /* BouncerTests */,
				06963EB31C096E3F00D8A690 /* Products */,
			);
			sourceTree = "<group>";
		};
		06963EB31C096E3F00D8A690 /* Products */ = {
			isa = PBXGroup;
			children = (
				06963EB21C096E3F00D8A690 /* Bouncer.app */,
				06963EC71C096E3F00D8A690 /* BouncerTests.xctest */,
			);
			name = Products;
			sourceTree = "<group>";
		};
		06963EB41C096E3F00D8A690 /* Bouncer */ = {
			isa = PBXGroup;
			children = (
				06963ED71C096E9100D8A690 /* BouncerBehavior.swift */,
				06963EB71C096E3F00D8A690 /* AppDelegate.swift */,
				06963EB91C096E3F00D8A690 /* ViewController.swift */,
				06963EBB1C096E3F00D8A690 /* Main.storyboard */,
				06963EF71C1D566D00D8A690 /* Settings.bundle */,
				06963EBE1C096E3F00D8A690 /* Images.xcassets */,
				06963EC01C096E3F00D8A690 /* LaunchScreen.xib */,
				06963EB51C096E3F00D8A690 /* Supporting Files */,
			);
			path = Bouncer;
			sourceTree = "<group>";
		};
		06963EB51C096E3F00D8A690 /* Supporting Files */ = {
			isa = PBXGroup;
			children = (
				06963EB61C096E3F00D8A690 /* Info.plist */,
			);
			name = "Supporting Files";
			sourceTree = "<group>";
		};
		06963ECA1C096E3F00D8A690 /* BouncerTests */ = {
			isa = PBXGroup;
			children = (
				06963ECD1C096E3F00D8A690 /* BouncerTests.swift */,
				06963ECB1C096E3F00D8A690 /* Supporting Files */,
			);
			path = BouncerTests;
			sourceTree = "<group>";
		};
		06963ECB1C096E3F00D8A690 /* Supporting Files */ = {
			isa = PBXGroup;
			children = (
				06963ECC1C096E3F00D8A690 /* Info.plist */,
			);
			name = "Supporting Files";
			sourceTree = "<group>";
		};
/* End PBXGroup section */

/* Begin PBXNativeTarget section */
		06963EB11C096E3F00D8A690 /* Bouncer */ = {
			isa = PBXNativeTarget;
			buildConfigurationList = 06963ED11C096E3F00D8A690 /* Build configuration list for PBXNativeTarget "Bouncer" */;
			buildPhases = (
				06963EAE1C096E3F00D8A690 /* Sources */,
				06963EAF1C096E3F00D8A690 /* Frameworks */,
				06963EB01C096E3F00D8A690 /* Resources */,
			);
			buildRules = (
			);
			dependencies = (
			);
			name = Bouncer;
			productName = Bouncer;
			productReference = 06963EB21C096E3F00D8A690 /* Bouncer.app */;
			productType = "com.apple.product-type.application";
		};
		06963EC61C096E3F00D8A690 /* BouncerTests */ = {
			isa = PBXNativeTarget;
			buildConfigurationList = 06963ED41C096E3F00D8A690 /* Build configuration list for PBXNativeTarget "BouncerTests" */;
			buildPhases = (
				06963EC31C096E3F00D8A690 /* Sources */,
				06963EC41C096E3F00D8A690 /* Frameworks */,
				06963EC51C096E3F00D8A690 /* Resources */,
			);
			buildRules = (
			);
			dependencies = (
				06963EC91C096E3F00D8A690 /* PBXTargetDependency */,
			);
			name = BouncerTests;
			productName = BouncerTests;
			productReference = 06963EC71C096E3F00D8A690 /* BouncerTests.xctest */;
			productType = "com.apple.product-type.bundle.unit-test";
		};
/* End PBXNativeTarget section */

/* Begin PBXProject section */
		06963EAA1C096E3F00D8A690 /* Project object */ = {
			isa = PBXProject;
			attributes = {
				LastUpgradeCheck = 0640;
				ORGANIZATIONNAME = Midori.s;
				TargetAttributes = {
					06963EB11C096E3F00D8A690 = {
						CreatedOnToolsVersion = 6.4;
					};
					06963EC61C096E3F00D8A690 = {
						CreatedOnToolsVersion = 6.4;
						TestTargetID = 06963EB11C096E3F00D8A690;
					};
				};
			};
			buildConfigurationList = 06963EAD1C096E3F00D8A690 /* Build configuration list for PBXProject "Bouncer" */;
			compatibilityVersion = "Xcode 3.2";
			developmentRegion = English;
			hasScannedForEncodings = 0;
			knownRegions = (
				en,
				Base,
			);
			mainGroup = 06963EA91C096E3F00D8A690;
			productRefGroup = 06963EB31C096E3F00D8A690 /* Products */;
			projectDirPath = "";
			projectRoot = "";
			targets = (
				06963EB11C096E3F00D8A690 /* Bouncer */,
				06963EC61C096E3F00D8A690 /* BouncerTests */,
			);
		};
/* End PBXProject section */

/* Begin PBXResourcesBuildPhase section */
		06963EB01C096E3F00D8A690 /* Resources */ = {
			isa = PBXResourcesBuildPhase;
			buildActionMask = 2147483647;
			files = (
				06963EF81C1D566D00D8A690 /* Settings.bundle in Resources */,
				06963EBD1C096E3F00D8A690 /* Main.storyboard in Resources */,
				06963EC21C096E3F00D8A690 /* LaunchScreen.xib in Resources */,
				06963EBF1C096E3F00D8A690 /* Images.xcassets in Resources */,
			);
			runOnlyForDeploymentPostprocessing = 0;
		};
		06963EC51C096E3F00D8A690 /* Resources */ = {
			isa = PBXResourcesBuildPhase;
			buildActionMask = 2147483647;
			files = (
			);
			runOnlyForDeploymentPostprocessing = 0;
		};
/* End PBXResourcesBuildPhase section */

/* Begin PBXSourcesBuildPhase section */
		06963EAE1C096E3F00D8A690 /* Sources */ = {
			isa = PBXSourcesBuildPhase;
			buildActionMask = 2147483647;
			files = (
				06963EBA1C096E3F00D8A690 /* ViewController.swift in Sources */,
				06963EB81C096E3F00D8A690 /* AppDelegate.swift in Sources */,
				06963ED81C096E9100D8A690 /* BouncerBehavior.swift in Sources */,
			);
			runOnlyForDeploymentPostprocessing = 0;
		};
		06963EC31C096E3F00D8A690 /* Sources */ = {
			isa = PBXSourcesBuildPhase;
			buildActionMask = 2147483647;
			files = (
				06963ECE1C096E3F00D8A690 /* BouncerTests.swift in Sources */,
			);
			runOnlyForDeploymentPostprocessing = 0;
		};
/* End PBXSourcesBuildPhase section */

/* Begin PBXTargetDependency section */
		06963EC91C096E3F00D8A690 /* PBXTargetDependency */ = {
			isa = PBXTargetDependency;
			target = 06963EB11C096E3F00D8A690 /* Bouncer */;
			targetProxy = 06963EC81C096E3F00D8A690 /* PBXContainerItemProxy */;
		};
/* End PBXTargetDependency section */

/* Begin PBXVariantGroup section */
		06963EBB1C096E3F00D8A690 /* Main.storyboard */ = {
			isa = PBXVariantGroup;
			children = (
				06963EBC1C096E3F00D8A690 /* Base */,
			);
			name = Main.storyboard;
			sourceTree = "<group>";
		};
		06963EC01C096E3F00D8A690 /* LaunchScreen.xib */ = {
			isa = PBXVariantGroup;
			children = (
				06963EC11C096E3F00D8A690 /* Base */,
			);
			name = LaunchScreen.xib;
			sourceTree = "<group>";
		};
/* End PBXVariantGroup section */

/* Begin XCBuildConfiguration section */
		06963ECF1C096E3F00D8A690 /* Debug */ = {
			isa = XCBuildConfiguration;
			buildSettings = {
				ALWAYS_SEARCH_USER_PATHS = NO;
				CLANG_CXX_LANGUAGE_STANDARD = "gnu++0x";
				CLANG_CXX_LIBRARY = "libc++";
				CLANG_ENABLE_MODULES = YES;
				CLANG_ENABLE_OBJC_ARC = YES;
				CLANG_WARN_BOOL_CONVERSION = YES;
				CLANG_WARN_CONSTANT_CONVERSION = YES;
				CLANG_WARN_DIRECT_OBJC_ISA_USAGE = YES_ERROR;
				CLANG_WARN_EMPTY_BODY = YES;
				CLANG_WARN_ENUM_CONVERSION = YES;
				CLANG_WARN_INT_CONVERSION = YES;
				CLANG_WARN_OBJC_ROOT_CLASS = YES_ERROR;
				CLANG_WARN_UNREACHABLE_CODE = YES;
				CLANG_WARN__DUPLICATE_METHOD_MATCH = YES;
				"CODE_SIGN_IDENTITY[sdk=iphoneos*]" = "iPhone Developer";
				COPY_PHASE_STRIP = NO;
				DEBUG_INFORMATION_FORMAT = "dwarf-with-dsym";
				ENABLE_STRICT_OBJC_MSGSEND = YES;
				GCC_C_LANGUAGE_STANDARD = gnu99;
				GCC_DYNAMIC_NO_PIC = NO;
				GCC_NO_COMMON_BLOCKS = YES;
				GCC_OPTIMIZATION_LEVEL = 0;
				GCC_PREPROCESSOR_DEFINITIONS = (
					"DEBUG=1",
					"$(inherited)",
				);
				GCC_SYMBOLS_PRIVATE_EXTERN = NO;
				GCC_WARN_64_TO_32_BIT_CONVERSION = YES;
				GCC_WARN_ABOUT_RETURN_TYPE = YES_ERROR;
				GCC_WARN_UNDECLARED_SELECTOR = YES;
				GCC_WARN_UNINITIALIZED_AUTOS = YES_AGGRESSIVE;
				GCC_WARN_UNUSED_FUNCTION = YES;
				GCC_WARN_UNUSED_VARIABLE = YES;
				IPHONEOS_DEPLOYMENT_TARGET = 8.4;
				MTL_ENABLE_DEBUG_INFO = YES;
				ONLY_ACTIVE_ARCH = YES;
				SDKROOT = iphoneos;
				SWIFT_OPTIMIZATION_LEVEL = "-Onone";
				TARGETED_DEVICE_FAMILY = "1,2";
			};
			name = Debug;
		};
		06963ED01C096E3F00D8A690 /* Release */ = {
			isa = XCBuildConfiguration;
			buildSettings = {
				ALWAYS_SEARCH_USER_PATHS = NO;
				CLANG_CXX_LANGUAGE_STANDARD = "gnu++0x";
				CLANG_CXX_LIBRARY = "libc++";
				CLANG_ENABLE_MODULES = YES;
				CLANG_ENABLE_OBJC_ARC = YES;
				CLANG_WARN_BOOL_CONVERSION = YES;
				CLANG_WARN_CONSTANT_CONVERSION = YES;
				CLANG_WARN_DIRECT_OBJC_ISA_USAGE = YES_ERROR;
				CLANG_WARN_EMPTY_BODY = YES;
				CLANG_WARN_ENUM_CONVERSION = YES;
				CLANG_WARN_INT_CONVERSION = YES;
				CLANG_WARN_OBJC_ROOT_CLASS = YES_ERROR;
				CLANG_WARN_UNREACHABLE_CODE = YES;
				CLANG_WARN__DUPLICATE_METHOD_MATCH = YES;
				"CODE_SIGN_IDENTITY[sdk=iphoneos*]" = "iPhone Developer";
				COPY_PHASE_STRIP = NO;
				DEBUG_INFORMATION_FORMAT = "dwarf-with-dsym";
				ENABLE_NS_ASSERTIONS = NO;
				ENABLE_STRICT_OBJC_MSGSEND = YES;
				GCC_C_LANGUAGE_STANDARD = gnu99;
				GCC_NO_COMMON_BLOCKS = YES;
				GCC_WARN_64_TO_32_BIT_CONVERSION = YES;
				GCC_WARN_ABOUT_RETURN_TYPE = YES_ERROR;
				GCC_WARN_UNDECLARED_SELECTOR = YES;
				GCC_WARN_UNINITIALIZED_AUTOS = YES_AGGRESSIVE;
				GCC_WARN_UNUSED_FUNCTION = YES;
				GCC_WARN_UNUSED_VARIABLE = YES;
				IPHONEOS_DEPLOYMENT_TARGET = 8.4;
				MTL_ENABLE_DEBUG_INFO = NO;
				SDKROOT = iphoneos;
				TARGETED_DEVICE_FAMILY = "1,2";
				VALIDATE_PRODUCT = YES;
			};
			name = Release;
		};
		06963ED21C096E3F00D8A690 /* Debug */ = {
			isa = XCBuildConfiguration;
			buildSettings = {
				ASSETCATALOG_COMPILER_APPICON_NAME = AppIcon;
				INFOPLIST_FILE = Bouncer/Info.plist;
				LD_RUNPATH_SEARCH_PATHS = "$(inherited) @executable_path/Frameworks";
				PRODUCT_NAME = "$(TARGET_NAME)";
			};
			name = Debug;
		};
		06963ED31C096E3F00D8A690 /* Release */ = {
			isa = XCBuildConfiguration;
			buildSettings = {
				ASSETCATALOG_COMPILER_APPICON_NAME = AppIcon;
				INFOPLIST_FILE = Bouncer/Info.plist;
				LD_RUNPATH_SEARCH_PATHS = "$(inherited) @executable_path/Frameworks";
				PRODUCT_NAME = "$(TARGET_NAME)";
			};
			name = Release;
		};
		06963ED51C096E3F00D8A690 /* Debug */ = {
			isa = XCBuildConfiguration;
			buildSettings = {
				BUNDLE_LOADER = "$(TEST_HOST)";
				FRAMEWORK_SEARCH_PATHS = (
					"$(SDKROOT)/Developer/Library/Frameworks",
					"$(inherited)",
				);
				GCC_PREPROCESSOR_DEFINITIONS = (
					"DEBUG=1",
					"$(inherited)",
				);
				INFOPLIST_FILE = BouncerTests/Info.plist;
				LD_RUNPATH_SEARCH_PATHS = "$(inherited) @executable_path/Frameworks @loader_path/Frameworks";
				PRODUCT_NAME = "$(TARGET_NAME)";
				TEST_HOST = "$(BUILT_PRODUCTS_DIR)/Bouncer.app/Bouncer";
			};
			name = Debug;
		};
		06963ED61C096E3F00D8A690 /* Release */ = {
			isa = XCBuildConfiguration;
			buildSettings = {
				BUNDLE_LOADER = "$(TEST_HOST)";
				FRAMEWORK_SEARCH_PATHS = (
					"$(SDKROOT)/Developer/Library/Frameworks",
					"$(inherited)",
				);
				INFOPLIST_FILE = BouncerTests/Info.plist;
				LD_RUNPATH_SEARCH_PATHS = "$(inherited) @executable_path/Frameworks @loader_path/Frameworks";
				PRODUCT_NAME = "$(TARGET_NAME)";
				TEST_HOST = "$(BUILT_PRODUCTS_DIR)/Bouncer.app/Bouncer";
			};
			name = Release;
		};
/* End XCBuildConfiguration section */

/* Begin XCConfigurationList section */
		06963EAD1C096E3F00D8A690 /* Build configuration list for PBXProject "Bouncer" */ = {
			isa = XCConfigurationList;
			buildConfigurations = (
				06963ECF1C096E3F00D8A690 /* Debug */,
				06963ED01C096E3F00D8A690 /* Release */,
			);
			defaultConfigurationIsVisible = 0;
			defaultConfigurationName = Release;
		};
		06963ED11C096E3F00D8A690 /* Build configuration list for PBXNativeTarget "Bouncer" */ = {
			isa = XCConfigurationList;
			buildConfigurations = (
				06963ED21C096E3F00D8A690 /* Debug */,
				06963ED31C096E3F00D8A690 /* Release */,
			);
			defaultConfigurationIsVisible = 0;
			defaultConfigurationName = Release;
		};
		06963ED41C096E3F00D8A690 /* Build configuration list for PBXNativeTarget "BouncerTests" */ = {
			isa = XCConfigurationList;
			buildConfigurations = (
				06963ED51C096E3F00D8A690 /* Debug */,
				06963ED61C096E3F00D8A690 /* Release */,
			);
			defaultConfigurationIsVisible = 0;
			defaultConfigurationName = Release;
		};
/* End XCConfigurationList section */
	};
	rootObject = 06963EAA1C096E3F00D8A690 /* Project object */;
}
